# THIS IS AN AUTOGENERATED FILE. DO NOT EDIT THIS FILE DIRECTLY.
# yarn lockfile v1


typescript@^5.5.0-dev.20240531:
  version "5.5.0-dev.20240531"
  resolved "https://registry.yarnpkg.com/typescript/-/typescript-5.5.0-dev.20240531.tgz#0cf281373a0a40019ad6c7225597e0dcae526cd8"
  integrity sha512-OzmPvUfcE/QfBFZGl+a976k3SCEo26/eGhDEOSz/gGUTWCOqoLjdBFgtQx9OJRKLBMJd+oI59BdRC/cbtDa11g==
